
Microsoft Visual Studio Solution File, Format Version 12.00
# Visual Studio 15
Project("{2150E333-8FDC-42A3-9474-1A3956D46DE8}") = "0 - Presentation", "0 - Presentation", "{E159FFAF-FD37-472E-9111-1C44CDB734B3}"
EndProject
Project("{2150E333-8FDC-42A3-9474-1A3956D46DE8}") = "1 - Services", "1 - Services", "{1303EB47-D189-4ED5-9C1F-BB73E6F364BA}"
EndProject
Project("{2150E333-8FDC-42A3-9474-1A3956D46DE8}") = "2 - Application", "2 - Application", "{D3F8163F-3566-4E2E-B536-D941C0730C6D}"
EndProject
Project("{2150E333-8FDC-42A3-9474-1A3956D46DE8}") = "3 - Domain", "3 - Domain", "{63804B02-C635-4961-A632-A51896793BAA}"
EndProject
Project("{2150E333-8FDC-42A3-9474-1A3956D46DE8}") = "4 - Infra", "4 - Infra", "{A47A37B9-B8BC-48D0-8704-F790D72CA284}"
EndProject
Project("{2150E333-8FDC-42A3-9474-1A3956D46DE8}") = "4.1 - Data", "4.1 - Data", "{39BE723B-2A10-403E-84A0-E0C8E1F88C43}"
EndProject
Project("{2150E333-8FDC-42A3-9474-1A3956D46DE8}") = "4.2 - CrossCutting", "4.2 - CrossCutting", "{215EC4AA-C485-483B-90A1-97DD788EACAC}"
EndProject
Project("{FAE04EC0-301F-11D3-BF4B-00C04F79EFBC}") = "DDDStore.MVC", "DDDStore.MVC\DDDStore.MVC.csproj", "{B3A78D68-2AA3-4BD9-A328-3CCDA70E66F1}"
EndProject
Project("{FAE04EC0-301F-11D3-BF4B-00C04F79EFBC}") = "DDDStore.Infra.Data", "DDDStore.Infra.Data\DDDStore.Infra.Data.csproj", "{656FDE87-7D68-4240-8442-43BE8DB28223}"
EndProject
Project("{FAE04EC0-301F-11D3-BF4B-00C04F79EFBC}") = "DDDStore.Domain", "DDDStore.Domain\DDDStore.Domain.csproj", "{AEE6F92B-C94B-403F-8FF6-E092F9D5462C}"
EndProject
Project("{FAE04EC0-301F-11D3-BF4B-00C04F79EFBC}") = "DDDStore.Application", "DDDStore.Application\DDDStore.Application.csproj", "{B20BDEF8-595A-4DCA-B9FA-40E9F9BA99CD}"
EndProject
Global
	GlobalSection(SolutionConfigurationPlatforms) = preSolution
		Debug|Any CPU = Debug|Any CPU
		Release|Any CPU = Release|Any CPU
	EndGlobalSection
	GlobalSection(ProjectConfigurationPlatforms) = postSolution
		{B3A78D68-2AA3-4BD9-A328-3CCDA70E66F1}.Debug|Any CPU.ActiveCfg = Debug|Any CPU
		{B3A78D68-2AA3-4BD9-A328-3CCDA70E66F1}.Debug|Any CPU.Build.0 = Debug|Any CPU
		{B3A78D68-2AA3-4BD9-A328-3CCDA70E66F1}.Release|Any CPU.ActiveCfg = Release|Any CPU
		{B3A78D68-2AA3-4BD9-A328-3CCDA70E66F1}.Release|Any CPU.Build.0 = Release|Any CPU
		{656FDE87-7D68-4240-8442-43BE8DB28223}.Debug|Any CPU.ActiveCfg = Debug|Any CPU
		{656FDE87-7D68-4240-8442-43BE8DB28223}.Debug|Any CPU.Build.0 = Debug|Any CPU
		{656FDE87-7D68-4240-8442-43BE8DB28223}.Release|Any CPU.ActiveCfg = Release|Any CPU
		{656FDE87-7D68-4240-8442-43BE8DB28223}.Release|Any CPU.Build.0 = Release|Any CPU
		{AEE6F92B-C94B-403F-8FF6-E092F9D5462C}.Debug|Any CPU.ActiveCfg = Debug|Any CPU
		{AEE6F92B-C94B-403F-8FF6-E092F9D5462C}.Debug|Any CPU.Build.0 = Debug|Any CPU
		{AEE6F92B-C94B-403F-8FF6-E092F9D5462C}.Release|Any CPU.ActiveCfg = Release|Any CPU
		{AEE6F92B-C94B-403F-8FF6-E092F9D5462C}.Release|Any CPU.Build.0 = Release|Any CPU
		{B20BDEF8-595A-4DCA-B9FA-40E9F9BA99CD}.Debug|Any CPU.ActiveCfg = Debug|Any CPU
		{B20BDEF8-595A-4DCA-B9FA-40E9F9BA99CD}.Debug|Any CPU.Build.0 = Debug|Any CPU
		{B20BDEF8-595A-4DCA-B9FA-40E9F9BA99CD}.Release|Any CPU.ActiveCfg = Release|Any CPU
		{B20BDEF8-595A-4DCA-B9FA-40E9F9BA99CD}.Release|Any CPU.Build.0 = Release|Any CPU
	EndGlobalSection
	GlobalSection(NestedProjects) = preSolution
		{39BE723B-2A10-403E-84A0-E0C8E1F88C43} = {A47A37B9-B8BC-48D0-8704-F790D72CA284}
		{215EC4AA-C485-483B-90A1-97DD788EACAC} = {A47A37B9-B8BC-48D0-8704-F790D72CA284}
		{B3A78D68-2AA3-4BD9-A328-3CCDA70E66F1} = {E159FFAF-FD37-472E-9111-1C44CDB734B3}
		{656FDE87-7D68-4240-8442-43BE8DB28223} = {39BE723B-2A10-403E-84A0-E0C8E1F88C43}
		{AEE6F92B-C94B-403F-8FF6-E092F9D5462C} = {63804B02-C635-4961-A632-A51896793BAA}
		{B20BDEF8-595A-4DCA-B9FA-40E9F9BA99CD} = {D3F8163F-3566-4E2E-B536-D941C0730C6D}
	EndGlobalSection
EndGlobal
